// !$*UTF8*$!
{
	archiveVersion = 1;
	classes = {
	};
	objectVersion = 56;
	objects = {

/* Begin PBXBuildFile section */
		C4197EC42C18C80100976913 /* chainsawThree.wav in Resources */ = {isa = PBXBuildFile; fileRef = C4197EC32C18C80100976913 /* chainsawThree.wav */; };
		C4197EC62C18CD5400976913 /* chainsawTypeBeatOne.wav in Resources */ = {isa = PBXBuildFile; fileRef = C4197EC52C18CD5400976913 /* chainsawTypeBeatOne.wav */; };
		C4321BAF2C08FC0A008F7DBE /* chainsawBoard.storyboard in Resources */ = {isa = PBXBuildFile; fileRef = C4321BAE2C08FC0A008F7DBE /* chainsawBoard.storyboard */; };
		C43A58E92C10E5D200A6DA0F /* ChainsawViewController.swift in Sources */ = {isa = PBXBuildFile; fileRef = C43A58E82C10E5D200A6DA0F /* ChainsawViewController.swift */; };
		C440BE2D2C1B698600D46444 /* chainsawTwo.wav in Resources */ = {isa = PBXBuildFile; fileRef = C440BE2C2C1B698600D46444 /* chainsawTwo.wav */; };
		C440BE2F2C1B723B00D46444 /* dogBark.mp3 in Resources */ = {isa = PBXBuildFile; fileRef = C440BE2E2C1B723B00D46444 /* dogBark.mp3 */; };
		CA218EC92C0E3F19005EFF83 /* chainsawOne.wav in Resources */ = {isa = PBXBuildFile; fileRef = CA218EC82C0E3F19005EFF83 /* chainsawOne.wav */; };
		CA55B2362C10DC66005636BF /* Sounds.swift in Sources */ = {isa = PBXBuildFile; fileRef = CA55B2352C10DC66005636BF /* Sounds.swift */; };
		CAF413FB2BFFC895000BEF80 /* RafandWesApp.swift in Sources */ = {isa = PBXBuildFile; fileRef = CAF413FA2BFFC895000BEF80 /* RafandWesApp.swift */; };
		CAF413FD2BFFC895000BEF80 /* ContentView.swift in Sources */ = {isa = PBXBuildFile; fileRef = CAF413FC2BFFC895000BEF80 /* ContentView.swift */; };
		CAF413FF2BFFC895000BEF80 /* Item.swift in Sources */ = {isa = PBXBuildFile; fileRef = CAF413FE2BFFC895000BEF80 /* Item.swift */; };
		CAF414012BFFC896000BEF80 /* Assets.xcassets in Resources */ = {isa = PBXBuildFile; fileRef = CAF414002BFFC896000BEF80 /* Assets.xcassets */; };
		CAF414042BFFC896000BEF80 /* Preview Assets.xcassets in Resources */ = {isa = PBXBuildFile; fileRef = CAF414032BFFC896000BEF80 /* Preview Assets.xcassets */; };
/* End PBXBuildFile section */

/* Begin PBXFileReference section */
		C4197EC32C18C80100976913 /* chainsawThree.wav */ = {isa = PBXFileReference; lastKnownFileType = audio.wav; path = chainsawThree.wav; sourceTree = "<group>"; };
		C4197EC52C18CD5400976913 /* chainsawTypeBeatOne.wav */ = {isa = PBXFileReference; lastKnownFileType = audio.wav; path = chainsawTypeBeatOne.wav; sourceTree = "<group>"; };
		C4321BAE2C08FC0A008F7DBE /* chainsawBoard.storyboard */ = {isa = PBXFileReference; lastKnownFileType = file.storyboard; path = chainsawBoard.storyboard; sourceTree = "<group>"; };
		C43A58E82C10E5D200A6DA0F /* ChainsawViewController.swift */ = {isa = PBXFileReference; lastKnownFileType = sourcecode.swift; path = ChainsawViewController.swift; sourceTree = "<group>"; };
		C440BE2C2C1B698600D46444 /* chainsawTwo.wav */ = {isa = PBXFileReference; lastKnownFileType = audio.wav; path = chainsawTwo.wav; sourceTree = "<group>"; };
		C440BE2E2C1B723B00D46444 /* dogBark.mp3 */ = {isa = PBXFileReference; lastKnownFileType = audio.mp3; path = dogBark.mp3; sourceTree = "<group>"; };
		CA218EC82C0E3F19005EFF83 /* chainsawOne.wav */ = {isa = PBXFileReference; lastKnownFileType = audio.wav; path = chainsawOne.wav; sourceTree = "<group>"; };
		CA55B2352C10DC66005636BF /* Sounds.swift */ = {isa = PBXFileReference; lastKnownFileType = sourcecode.swift; path = Sounds.swift; sourceTree = "<group>"; };
		CAF413F72BFFC895000BEF80 /* RafandWes.app */ = {isa = PBXFileReference; explicitFileType = wrapper.application; includeInIndex = 0; path = RafandWes.app; sourceTree = BUILT_PRODUCTS_DIR; };
		CAF413FA2BFFC895000BEF80 /* RafandWesApp.swift */ = {isa = PBXFileReference; lastKnownFileType = sourcecode.swift; path = RafandWesApp.swift; sourceTree = "<group>"; };
		CAF413FC2BFFC895000BEF80 /* ContentView.swift */ = {isa = PBXFileReference; lastKnownFileType = sourcecode.swift; path = ContentView.swift; sourceTree = "<group>"; };
		CAF413FE2BFFC895000BEF80 /* Item.swift */ = {isa = PBXFileReference; lastKnownFileType = sourcecode.swift; path = Item.swift; sourceTree = "<group>"; };
		CAF414002BFFC896000BEF80 /* Assets.xcassets */ = {isa = PBXFileReference; lastKnownFileType = folder.assetcatalog; path = Assets.xcassets; sourceTree = "<group>"; };
		CAF414032BFFC896000BEF80 /* Preview Assets.xcassets */ = {isa = PBXFileReference; lastKnownFileType = folder.assetcatalog; path = "Preview Assets.xcassets"; sourceTree = "<group>"; };
/* End PBXFileReference section */

/* Begin PBXFrameworksBuildPhase section */
		CAF413F42BFFC895000BEF80 /* Frameworks */ = {
			isa = PBXFrameworksBuildPhase;
			buildActionMask = 2147483647;
			files = (
			);
			runOnlyForDeploymentPostprocessing = 0;
		};
/* End PBXFrameworksBuildPhase section */

/* Begin PBXGroup section */
		CAF413EE2BFFC895000BEF80 = {
			isa = PBXGroup;
			children = (
				CAF413F92BFFC895000BEF80 /* RafandWes */,
				CAF413F82BFFC895000BEF80 /* Products */,
			);
			sourceTree = "<group>";
		};
		CAF413F82BFFC895000BEF80 /* Products */ = {
			isa = PBXGroup;
			children = (
				CAF413F72BFFC895000BEF80 /* RafandWes.app */,
			);
			name = Products;
			sourceTree = "<group>";
		};
		CAF413F92BFFC895000BEF80 /* RafandWes */ = {
			isa = PBXGroup;
			children = (
				CA218EC82C0E3F19005EFF83 /* chainsawOne.wav */,
				C440BE2C2C1B698600D46444 /* chainsawTwo.wav */,
				C4197EC32C18C80100976913 /* chainsawThree.wav */,
				C4197EC52C18CD5400976913 /* chainsawTypeBeatOne.wav */,
				C440BE2E2C1B723B00D46444 /* dogBark.mp3 */,
				CAF413FA2BFFC895000BEF80 /* RafandWesApp.swift */,
				CAF413FC2BFFC895000BEF80 /* ContentView.swift */,
				CAF413FE2BFFC895000BEF80 /* Item.swift */,
				C4321BAE2C08FC0A008F7DBE /* chainsawBoard.storyboard */,
				C43A58E82C10E5D200A6DA0F /* ChainsawViewController.swift */,
				CAF414002BFFC896000BEF80 /* Assets.xcassets */,
				CAF414022BFFC896000BEF80 /* Preview Content */,
				CA55B2352C10DC66005636BF /* Sounds.swift */,
			);
			path = RafandWes;
			sourceTree = "<group>";
		};
		CAF414022BFFC896000BEF80 /* Preview Content */ = {
			isa = PBXGroup;
			children = (
				CAF414032BFFC896000BEF80 /* Preview Assets.xcassets */,
			);
			path = "Preview Content";
			sourceTree = "<group>";
		};
/* End PBXGroup section */

/* Begin PBXNativeTarget section */
		CAF413F62BFFC895000BEF80 /* RafandWes */ = {
			isa = PBXNativeTarget;
			buildConfigurationList = CAF414072BFFC896000BEF80 /* Build configuration list for PBXNativeTarget "RafandWes" */;
			buildPhases = (
				CAF413F32BFFC895000BEF80 /* Sources */,
				CAF413F42BFFC895000BEF80 /* Frameworks */,
				CAF413F52BFFC895000BEF80 /* Resources */,
			);
			buildRules = (
			);
			dependencies = (
			);
			name = RafandWes;
			productName = RafandWes;
			productReference = CAF413F72BFFC895000BEF80 /* RafandWes.app */;
			productType = "com.apple.product-type.application";
		};
/* End PBXNativeTarget section */

/* Begin PBXProject section */
		CAF413EF2BFFC895000BEF80 /* Project object */ = {
			isa = PBXProject;
			attributes = {
				BuildIndependentTargetsInParallel = 1;
				LastSwiftUpdateCheck = 1520;
				LastUpgradeCheck = 1520;
				TargetAttributes = {
					CAF413F62BFFC895000BEF80 = {
						CreatedOnToolsVersion = 15.2;
					};
				};
			};
			buildConfigurationList = CAF413F22BFFC895000BEF80 /* Build configuration list for PBXProject "RafandWes" */;
			compatibilityVersion = "Xcode 14.0";
			developmentRegion = en;
			hasScannedForEncodings = 0;
			knownRegions = (
				en,
				Base,
			);
			mainGroup = CAF413EE2BFFC895000BEF80;
			productRefGroup = CAF413F82BFFC895000BEF80 /* Products */;
			projectDirPath = "";
			projectRoot = "";
			targets = (
				CAF413F62BFFC895000BEF80 /* RafandWes */,
			);
		};
/* End PBXProject section */

/* Begin PBXResourcesBuildPhase section */
		CAF413F52BFFC895000BEF80 /* Resources */ = {
			isa = PBXResourcesBuildPhase;
			buildActionMask = 2147483647;
			files = (
				CAF414042BFFC896000BEF80 /* Preview Assets.xcassets in Resources */,
				C4197EC42C18C80100976913 /* chainsawThree.wav in Resources */,
				C440BE2D2C1B698600D46444 /* chainsawTwo.wav in Resources */,
				C440BE2F2C1B723B00D46444 /* dogBark.mp3 in Resources */,
				CAF414012BFFC896000BEF80 /* Assets.xcassets in Resources */,
				C4321BAF2C08FC0A008F7DBE /* chainsawBoard.storyboard in Resources */,
				C4197EC62C18CD5400976913 /* chainsawTypeBeatOne.wav in Resources */,
				CA218EC92C0E3F19005EFF83 /* chainsawOne.wav in Resources */,
			);
			runOnlyForDeploymentPostprocessing = 0;
		};
/* End PBXResourcesBuildPhase section */

/* Begin PBXSourcesBuildPhase section */
		CAF413F32BFFC895000BEF80 /* Sources */ = {
			isa = PBXSourcesBuildPhase;
			buildActionMask = 2147483647;
			files = (
				C43A58E92C10E5D200A6DA0F /* ChainsawViewController.swift in Sources */,
				CAF413FD2BFFC895000BEF80 /* ContentView.swift in Sources */,
				CAF413FF2BFFC895000BEF80 /* Item.swift in Sources */,
				CAF413FB2BFFC895000BEF80 /* RafandWesApp.swift in Sources */,
				CA55B2362C10DC66005636BF /* Sounds.swift in Sources */,
			);
			runOnlyForDeploymentPostprocessing = 0;
		};
/* End PBXSourcesBuildPhase section */

/* Begin XCBuildConfiguration section */
		CAF414052BFFC896000BEF80 /* Debug */ = {
			isa = XCBuildConfiguration;
			buildSettings = {
				ALWAYS_SEARCH_USER_PATHS = NO;
				ASSETCATALOG_COMPILER_GENERATE_SWIFT_ASSET_SYMBOL_EXTENSIONS = YES;
				CLANG_ANALYZER_NONNULL = YES;
				CLANG_ANALYZER_NUMBER_OBJECT_CONVERSION = YES_AGGRESSIVE;
				CLANG_CXX_LANGUAGE_STANDARD = "gnu++20";
				CLANG_ENABLE_MODULES = YES;
				CLANG_ENABLE_OBJC_ARC = YES;
				CLANG_ENABLE_OBJC_WEAK = YES;
				CLANG_WARN_BLOCK_CAPTURE_AUTORELEASING = YES;
				CLANG_WARN_BOOL_CONVERSION = YES;
				CLANG_WARN_COMMA = YES;
				CLANG_WARN_CONSTANT_CONVERSION = YES;
				CLANG_WARN_DEPRECATED_OBJC_IMPLEMENTATIONS = YES;
				CLANG_WARN_DIRECT_OBJC_ISA_USAGE = YES_ERROR;
				CLANG_WARN_DOCUMENTATION_COMMENTS = YES;
				CLANG_WARN_EMPTY_BODY = YES;
				CLANG_WARN_ENUM_CONVERSION = YES;
				CLANG_WARN_INFINITE_RECURSION = YES;
				CLANG_WARN_INT_CONVERSION = YES;
				CLANG_WARN_NON_LITERAL_NULL_CONVERSION = YES;
				CLANG_WARN_OBJC_IMPLICIT_RETAIN_SELF = YES;
				CLANG_WARN_OBJC_LITERAL_CONVERSION = YES;
				CLANG_WARN_OBJC_ROOT_CLASS = YES_ERROR;
				CLANG_WARN_QUOTED_INCLUDE_IN_FRAMEWORK_HEADER = YES;
				CLANG_WARN_RANGE_LOOP_ANALYSIS = YES;
				CLANG_WARN_STRICT_PROTOTYPES = YES;
				CLANG_WARN_SUSPICIOUS_MOVE = YES;
				CLANG_WARN_UNGUARDED_AVAILABILITY = YES_AGGRESSIVE;
				CLANG_WARN_UNREACHABLE_CODE = YES;
				CLANG_WARN__DUPLICATE_METHOD_MATCH = YES;
				COPY_PHASE_STRIP = NO;
				DEBUG_INFORMATION_FORMAT = dwarf;
				ENABLE_STRICT_OBJC_MSGSEND = YES;
				ENABLE_TESTABILITY = YES;
				ENABLE_USER_SCRIPT_SANDBOXING = YES;
				GCC_C_LANGUAGE_STANDARD = gnu17;
				GCC_DYNAMIC_NO_PIC = NO;
				GCC_NO_COMMON_BLOCKS = YES;
				GCC_OPTIMIZATION_LEVEL = 0;
				GCC_PREPROCESSOR_DEFINITIONS = (
					"DEBUG=1",
					"$(inherited)",
				);
				GCC_WARN_64_TO_32_BIT_CONVERSION = YES;
				GCC_WARN_ABOUT_RETURN_TYPE = YES_ERROR;
				GCC_WARN_UNDECLARED_SELECTOR = YES;
				GCC_WARN_UNINITIALIZED_AUTOS = YES_AGGRESSIVE;
				GCC_WARN_UNUSED_FUNCTION = YES;
				GCC_WARN_UNUSED_VARIABLE = YES;
				IPHONEOS_DEPLOYMENT_TARGET = 17.2;
				LOCALIZATION_PREFERS_STRING_CATALOGS = YES;
				MTL_ENABLE_DEBUG_INFO = INCLUDE_SOURCE;
				MTL_FAST_MATH = YES;
				ONLY_ACTIVE_ARCH = YES;
				SDKROOT = iphoneos;
				SWIFT_ACTIVE_COMPILATION_CONDITIONS = "DEBUG $(inherited)";
				SWIFT_OPTIMIZATION_LEVEL = "-Onone";
			};
			name = Debug;
		};
		CAF414062BFFC896000BEF80 /* Release */ = {
			isa = XCBuildConfiguration;
			buildSettings = {
				ALWAYS_SEARCH_USER_PATHS = NO;
				ASSETCATALOG_COMPILER_GENERATE_SWIFT_ASSET_SYMBOL_EXTENSIONS = YES;
				CLANG_ANALYZER_NONNULL = YES;
				CLANG_ANALYZER_NUMBER_OBJECT_CONVERSION = YES_AGGRESSIVE;
				CLANG_CXX_LANGUAGE_STANDARD = "gnu++20";
				CLANG_ENABLE_MODULES = YES;
				CLANG_ENABLE_OBJC_ARC = YES;
				CLANG_ENABLE_OBJC_WEAK = YES;
				CLANG_WARN_BLOCK_CAPTURE_AUTORELEASING = YES;
				CLANG_WARN_BOOL_CONVERSION = YES;
				CLANG_WARN_COMMA = YES;
				CLANG_WARN_CONSTANT_CONVERSION = YES;
				CLANG_WARN_DEPRECATED_OBJC_IMPLEMENTATIONS = YES;
				CLANG_WARN_DIRECT_OBJC_ISA_USAGE = YES_ERROR;
				CLANG_WARN_DOCUMENTATION_COMMENTS = YES;
				CLANG_WARN_EMPTY_BODY = YES;
				CLANG_WARN_ENUM_CONVERSION = YES;
				CLANG_WARN_INFINITE_RECURSION = YES;
				CLANG_WARN_INT_CONVERSION = YES;
				CLANG_WARN_NON_LITERAL_NULL_CONVERSION = YES;
				CLANG_WARN_OBJC_IMPLICIT_RETAIN_SELF = YES;
				CLANG_WARN_OBJC_LITERAL_CONVERSION = YES;
				CLANG_WARN_OBJC_ROOT_CLASS = YES_ERROR;
				CLANG_WARN_QUOTED_INCLUDE_IN_FRAMEWORK_HEADER = YES;
				CLANG_WARN_RANGE_LOOP_ANALYSIS = YES;
				CLANG_WARN_STRICT_PROTOTYPES = YES;
				CLANG_WARN_SUSPICIOUS_MOVE = YES;
				CLANG_WARN_UNGUARDED_AVAILABILITY = YES_AGGRESSIVE;
				CLANG_WARN_UNREACHABLE_CODE = YES;
				CLANG_WARN__DUPLICATE_METHOD_MATCH = YES;
				COPY_PHASE_STRIP = NO;
				DEBUG_INFORMATION_FORMAT = "dwarf-with-dsym";
				ENABLE_NS_ASSERTIONS = NO;
				ENABLE_STRICT_OBJC_MSGSEND = YES;
				ENABLE_USER_SCRIPT_SANDBOXING = YES;
				GCC_C_LANGUAGE_STANDARD = gnu17;
				GCC_NO_COMMON_BLOCKS = YES;
				GCC_WARN_64_TO_32_BIT_CONVERSION = YES;
				GCC_WARN_ABOUT_RETURN_TYPE = YES_ERROR;
				GCC_WARN_UNDECLARED_SELECTOR = YES;
				GCC_WARN_UNINITIALIZED_AUTOS = YES_AGGRESSIVE;
				GCC_WARN_UNUSED_FUNCTION = YES;
				GCC_WARN_UNUSED_VARIABLE = YES;
				IPHONEOS_DEPLOYMENT_TARGET = 17.2;
				LOCALIZATION_PREFERS_STRING_CATALOGS = YES;
				MTL_ENABLE_DEBUG_INFO = NO;
				MTL_FAST_MATH = YES;
				SDKROOT = iphoneos;
				SWIFT_COMPILATION_MODE = wholemodule;
				VALIDATE_PRODUCT = YES;
			};
			name = Release;
		};
		CAF414082BFFC896000BEF80 /* Debug */ = {
			isa = XCBuildConfiguration;
			buildSettings = {
				ASSETCATALOG_COMPILER_APPICON_NAME = AppIcon;
				ASSETCATALOG_COMPILER_GLOBAL_ACCENT_COLOR_NAME = AccentColor;
				CODE_SIGN_STYLE = Automatic;
				CURRENT_PROJECT_VERSION = 1;
				DEVELOPMENT_ASSET_PATHS = "\"RafandWes/Preview Content\"";
				ENABLE_PREVIEWS = YES;
				GENERATE_INFOPLIST_FILE = YES;
				INFOPLIST_KEY_UIApplicationSceneManifest_Generation = YES;
				INFOPLIST_KEY_UIApplicationSupportsIndirectInputEvents = YES;
				INFOPLIST_KEY_UILaunchScreen_Generation = YES;
				INFOPLIST_KEY_UISupportedInterfaceOrientations_iPad = "UIInterfaceOrientationPortrait UIInterfaceOrientationPortraitUpsideDown UIInterfaceOrientationLandscapeLeft UIInterfaceOrientationLandscapeRight";
				INFOPLIST_KEY_UISupportedInterfaceOrientations_iPhone = "UIInterfaceOrientationPortrait UIInterfaceOrientationLandscapeLeft UIInterfaceOrientationLandscapeRight";
				LD_RUNPATH_SEARCH_PATHS = (
					"$(inherited)",
					"@executable_path/Frameworks",
				);
				MARKETING_VERSION = 1.0;
				PRODUCT_BUNDLE_IDENTIFIER = chainsaw.RafandWes;
				PRODUCT_NAME = "$(TARGET_NAME)";
				SWIFT_EMIT_LOC_STRINGS = YES;
				SWIFT_VERSION = 5.0;
				TARGETED_DEVICE_FAMILY = "1,2";
			};
			name = Debug;
		};
		CAF414092BFFC896000BEF80 /* Release */ = {
			isa = XCBuildConfiguration;
			buildSettings = {
				ASSETCATALOG_COMPILER_APPICON_NAME = AppIcon;
				ASSETCATALOG_COMPILER_GLOBAL_ACCENT_COLOR_NAME = AccentColor;
				CODE_SIGN_STYLE = Automatic;
				CURRENT_PROJECT_VERSION = 1;
				DEVELOPMENT_ASSET_PATHS = "\"RafandWes/Preview Content\"";
				ENABLE_PREVIEWS = YES;
				GENERATE_INFOPLIST_FILE = YES;
				INFOPLIST_KEY_UIApplicationSceneManifest_Generation = YES;
				INFOPLIST_KEY_UIApplicationSupportsIndirectInputEvents = YES;
				INFOPLIST_KEY_UILaunchScreen_Generation = YES;
				INFOPLIST_KEY_UISupportedInterfaceOrientations_iPad = "UIInterfaceOrientationPortrait UIInterfaceOrientationPortraitUpsideDown UIInterfaceOrientationLandscapeLeft UIInterfaceOrientationLandscapeRight";
				INFOPLIST_KEY_UISupportedInterfaceOrientations_iPhone = "UIInterfaceOrientationPortrait UIInterfaceOrientationLandscapeLeft UIInterfaceOrientationLandscapeRight";
				LD_RUNPATH_SEARCH_PATHS = (
					"$(inherited)",
					"@executable_path/Frameworks",
				);
				MARKETING_VERSION = 1.0;
				PRODUCT_BUNDLE_IDENTIFIER = chainsaw.RafandWes;
				PRODUCT_NAME = "$(TARGET_NAME)";
				SWIFT_EMIT_LOC_STRINGS = YES;
				SWIFT_VERSION = 5.0;
				TARGETED_DEVICE_FAMILY = "1,2";
			};
			name = Release;
		};
/* End XCBuildConfiguration section */

/* Begin XCConfigurationList section */
		CAF413F22BFFC895000BEF80 /* Build configuration list for PBXProject "RafandWes" */ = {
			isa = XCConfigurationList;
			buildConfigurations = (
				CAF414052BFFC896000BEF80 /* Debug */,
				CAF414062BFFC896000BEF80 /* Release */,
			);
			defaultConfigurationIsVisible = 0;
			defaultConfigurationName = Release;
		};
		CAF414072BFFC896000BEF80 /* Build configuration list for PBXNativeTarget "RafandWes" */ = {
			isa = XCConfigurationList;
			buildConfigurations = (
				CAF414082BFFC896000BEF80 /* Debug */,
				CAF414092BFFC896000BEF80 /* Release */,
			);
			defaultConfigurationIsVisible = 0;
			defaultConfigurationName = Release;
		};
/* End XCConfigurationList section */
	};
	rootObject = CAF413EF2BFFC895000BEF80 /* Project object */;
}
